
Microsoft Visual Studio Solution File, Format Version 12.00
# Visual Studio Version 17
VisualStudioVersion = 17.11.35327.3
MinimumVisualStudioVersion = 10.0.40219.1
Project("{FAE04EC0-301F-11D3-BF4B-00C04F79EFBC}") = "RolesDemo", "RolesDemo.csproj", "{5DF4D1B2-C78D-455C-985C-EDE1DE368238}"
EndProject
Global
	GlobalSection(SolutionConfigurationPlatforms) = preSolution
		Debug|Any CPU = Debug|Any CPU
		Release|Any CPU = Release|Any CPU
	EndGlobalSection
	GlobalSection(ProjectConfigurationPlatforms) = postSolution
		{5DF4D1B2-C78D-455C-985C-EDE1DE368238}.Debug|Any CPU.ActiveCfg = Debug|Any CPU
		{5DF4D1B2-C78D-455C-985C-EDE1DE368238}.Debug|Any CPU.Build.0 = Debug|Any CPU
		{5DF4D1B2-C78D-455C-985C-EDE1DE368238}.Release|Any CPU.ActiveCfg = Release|Any CPU
		{5DF4D1B2-C78D-455C-985C-EDE1DE368238}.Release|Any CPU.Build.0 = Release|Any CPU
	EndGlobalSection
	GlobalSection(SolutionProperties) = preSolution
		HideSolutionNode = FALSE
	EndGlobalSection
	GlobalSection(ExtensibilityGlobals) = postSolution
		SolutionGuid = {F4A1EA75-C473-48EA-9469-7DAF98187F5B}
	EndGlobalSection
EndGlobal
